lockfileVersion: 5.3

specifiers:
  '@types/node': ^14.14.34
  prettier: ^2.2.1
  redux: ^4.1.2
  redux-logger: ^3.0.6
  typescript: ^4.1.5

devDependencies:
  '@types/node': 14.18.5
  prettier: 2.5.1
  redux: 4.1.2
  redux-logger: 3.0.6
  typescript: 4.5.4

packages:

  /@babel/runtime/7.16.7:
    resolution: {integrity: sha512-9E9FJowqAsytyOY6LG+1KuueckRL+aQW+mKvXRXnuFGyRAyepJPmEo9vgMfXUA6O9u3IeEdv9MAkppFcaQwogQ==}
    engines: {node: '>=6.9.0'}
    dependencies:
      regenerator-runtime: 0.13.9
    dev: true

  /@types/node/14.18.5:
    resolution: {integrity: sha512-LMy+vDDcQR48EZdEx5wRX1q/sEl6NdGuHXPnfeL8ixkwCOSZ2qnIyIZmcCbdX0MeRqHhAcHmX+haCbrS8Run+A==}
    dev: true

  /deep-diff/0.3.8:
    resolution: {integrity: sha1-wB3mPvsO7JeYgB1Ax+Da4ltYLIQ=}
    dev: true

  /prettier/2.5.1:
    resolution: {integrity: sha512-vBZcPRUR5MZJwoyi3ZoyQlc1rXeEck8KgeC9AwwOn+exuxLxq5toTRDTSaVrXHxelDMHy9zlicw8u66yxoSUFg==}
    engines: {node: '>=10.13.0'}
    hasBin: true
    dev: true

  /redux-logger/3.0.6:
    resolution: {integrity: sha1-91VZZvMJjzyIYExEnPC69XeCdL8=}
    dependencies:
      deep-diff: 0.3.8
    dev: true

  /redux/4.1.2:
    resolution: {integrity: sha512-SH8PglcebESbd/shgf6mii6EIoRM0zrQyjcuQ+ojmfxjTtE0z9Y8pa62iA/OJ58qjP6j27uyW4kUF4jl/jd6sw==}
    dependencies:
      '@babel/runtime': 7.16.7
    dev: true

  /regenerator-runtime/0.13.9:
    resolution: {integrity: sha512-p3VT+cOEgxFsRRA9X4lkI1E+k2/CtnKtU4gcxyaCUreilL/vqI6CdZ3wxVUx3UOUg+gnUOQQcRI7BmSI656MYA==}
    dev: true

  /typescript/4.5.4:
    resolution: {integrity: sha512-VgYs2A2QIRuGphtzFV7aQJduJ2gyfTljngLzjpfW9FoYZF6xuw1W0vW9ghCKLfcWrCFxK81CSGRAvS1pn4fIUg==}
    engines: {node: '>=4.2.0'}
    hasBin: true
    dev: true
